<Solution>
  <Configurations>
    <Platform Name="Any CPU" />
    <Platform Name="x64" />
  </Configurations>
  <Folder Name="/docs/">
    <File Path="../docs/native-build.md" />
  </Folder>
  <Folder Name="/docs/plans/">
    <File Path="../docs/plans/2026-08-06-cyber-tail-avalonia-ui.md" />
    <File Path="../docs/plans/2026-08-03-avalonia-desktop-migration.md" />
    <File Path="../docs/plans/2026-07-22-hextail.md" />
    <File Path="../docs/plans/2026-07-26-search-toggles.md" />
  </Folder>
  <Folder Name="/docs/superpowers/specs/">
    <File Path="../docs/superpowers/specs/2026-08-06-cyber-tail-avalonia-ui-design.md" />
  </Folder>
  <Folder Name="/docs/specs/">
    <File Path="../docs/specs/2026-07-22-log-tail-app-design.md" />
    <File Path="../docs/specs/2026-07-26-search-toggles-design.md" />
  </Folder>
  <Project Path="HexTailSharp.Tests/HexTailSharp.Tests.csproj" />
  <Project Path="HexTailSharp/HexTailSharp.csproj" />
</Solution>
